
Microsoft Visual Studio Solution File, Format Version 12.00
# Visual Studio Version 16
VisualStudioVersion = 16.0.29613.14
MinimumVisualStudioVersion = 10.0.40219.1
Project("{FAE04EC0-301F-11D3-BF4B-00C04F79EFBC}") = "DontPoisonMySource", "DontPoisonMySource.csproj", "{B4332BF0-B697-4A93-9BD8-A22ECA268AA3}"
EndProject
Global
	GlobalSection(SolutionConfigurationPlatforms) = preSolution
		Debug|Any CPU = Debug|Any CPU
		Release|Any CPU = Release|Any CPU
	EndGlobalSection
	GlobalSection(ProjectConfigurationPlatforms) = postSolution
		{B4332BF0-B697-4A93-9BD8-A22ECA268AA3}.Debug|Any CPU.ActiveCfg = Debug|Any CPU
		{B4332BF0-B697-4A93-9BD8-A22ECA268AA3}.Debug|Any CPU.Build.0 = Debug|Any CPU
		{B4332BF0-B697-4A93-9BD8-A22ECA268AA3}.Release|Any CPU.ActiveCfg = Release|Any CPU
		{B4332BF0-B697-4A93-9BD8-A22ECA268AA3}.Release|Any CPU.Build.0 = Release|Any CPU
	EndGlobalSection
	GlobalSection(SolutionProperties) = preSolution
		HideSolutionNode = FALSE
	EndGlobalSection
	GlobalSection(ExtensibilityGlobals) = postSolution
		SolutionGuid = {6AD7F62B-22C3-416B-9B9B-26CFA1A46FF8}
	EndGlobalSection
EndGlobal
